
Microsoft Visual Studio Solution File, Format Version 12.00
# Visual Studio Version 17
VisualStudioVersion = 17.3.32922.545
MinimumVisualStudioVersion = 10.0.40219.1
Project("{FAE04EC0-301F-11D3-BF4B-00C04F79EFBC}") = "BackJun2", "BackJun2\BackJun2.csproj", "{04988DC0-BDE9-4CF0-BC16-B62151A4FBED}"
EndProject
Global
	GlobalSection(SolutionConfigurationPlatforms) = preSolution
		Debug|Any CPU = Debug|Any CPU
		Release|Any CPU = Release|Any CPU
	EndGlobalSection
	GlobalSection(ProjectConfigurationPlatforms) = postSolution
		{04988DC0-BDE9-4CF0-BC16-B62151A4FBED}.Debug|Any CPU.ActiveCfg = Debug|Any CPU
		{04988DC0-BDE9-4CF0-BC16-B62151A4FBED}.Debug|Any CPU.Build.0 = Debug|Any CPU
		{04988DC0-BDE9-4CF0-BC16-B62151A4FBED}.Release|Any CPU.ActiveCfg = Release|Any CPU
		{04988DC0-BDE9-4CF0-BC16-B62151A4FBED}.Release|Any CPU.Build.0 = Release|Any CPU
	EndGlobalSection
	GlobalSection(SolutionProperties) = preSolution
		HideSolutionNode = FALSE
	EndGlobalSection
	GlobalSection(ExtensibilityGlobals) = postSolution
		SolutionGuid = {1FDE5FCB-C261-4E7E-AE5F-F8418722925C}
	EndGlobalSection
EndGlobal
